{
  "name": "test",
  "version": "1.0.0",
  "lockfileVersion": 3,
  "requires": true,
  "packages": {
    "": {
      "name": "test",
      "version": "1.0.0",
      "license": "ISC",
      "dependencies": {
        "my-generator-library": "file:../LIBRARY"
      }
    },
    "../LIBRARY": {
      "name": "my-generator-library",
      "version": "1.0.0",
      "license": "MIT"
    },
    "node_modules/my-generator-library": {
      "resolved": "../LIBRARY",
      "link": true
    }
  }
}
